
Microsoft Visual Studio Solution File, Format Version 12.00
# Visual Studio 2015
Project("{FAE04EC0-301F-11D3-BF4B-00C04F79EFBC}") = "AoS.CSharp.Plugins", "AoS.CSharp.Plugins.csproj", "{CFCB15C6-44C8-D67F-3F03-DD57D5F2646C}"
EndProject
Project("{FAE04EC0-301F-11D3-BF4B-00C04F79EFBC}") = "AoS.CSharp", "AoS.CSharp.csproj", "{695BC52B-AED1-BB3D-4FD8-B7DE98AF201A}"
EndProject
Project("{FAE04EC0-301F-11D3-BF4B-00C04F79EFBC}") = "AoS.CSharp.Editor", "AoS.CSharp.Editor.csproj", "{FA7BDCF4-F63F-7692-8769-BF1A0961DD01}"
EndProject
Global
	GlobalSection(SolutionConfigurationPlatforms) = preSolution
		Debug|Any CPU = Debug|Any CPU
		Release|Any CPU = Release|Any CPU
	EndGlobalSection
	GlobalSection(ProjectConfigurationPlatforms) = postSolution
		{CFCB15C6-44C8-D67F-3F03-DD57D5F2646C}.Debug|Any CPU.ActiveCfg = Debug|Any CPU
		{CFCB15C6-44C8-D67F-3F03-DD57D5F2646C}.Debug|Any CPU.Build.0 = Debug|Any CPU
		{CFCB15C6-44C8-D67F-3F03-DD57D5F2646C}.Release|Any CPU.ActiveCfg = Release|Any CPU
		{CFCB15C6-44C8-D67F-3F03-DD57D5F2646C}.Release|Any CPU.Build.0 = Release|Any CPU
		{695BC52B-AED1-BB3D-4FD8-B7DE98AF201A}.Debug|Any CPU.ActiveCfg = Debug|Any CPU
		{695BC52B-AED1-BB3D-4FD8-B7DE98AF201A}.Debug|Any CPU.Build.0 = Debug|Any CPU
		{695BC52B-AED1-BB3D-4FD8-B7DE98AF201A}.Release|Any CPU.ActiveCfg = Release|Any CPU
		{695BC52B-AED1-BB3D-4FD8-B7DE98AF201A}.Release|Any CPU.Build.0 = Release|Any CPU
		{FA7BDCF4-F63F-7692-8769-BF1A0961DD01}.Debug|Any CPU.ActiveCfg = Debug|Any CPU
		{FA7BDCF4-F63F-7692-8769-BF1A0961DD01}.Debug|Any CPU.Build.0 = Debug|Any CPU
		{FA7BDCF4-F63F-7692-8769-BF1A0961DD01}.Release|Any CPU.ActiveCfg = Release|Any CPU
		{FA7BDCF4-F63F-7692-8769-BF1A0961DD01}.Release|Any CPU.Build.0 = Release|Any CPU
	EndGlobalSection
	GlobalSection(SolutionProperties) = preSolution
		HideSolutionNode = FALSE
	EndGlobalSection
EndGlobal
